{
  "name": "test-packages",
  "version": "0.0.0",
  "lockfileVersion": 2,
  "requires": true,
  "packages": {
    "": {
      "name": "test-packages",
      "version": "0.0.0",
      "license": "MIT",
      "devDependencies": {
        "@toplo/db": "1.1.3"
      }
    },
    "node_modules/@toplo/api": {
      "version": "1.1.3",
      "resolved": "https://registry.npmjs.org/@toplo/api/-/api-1.1.3.tgz",
      "integrity": "sha512-WVjTY/xWiY7Kr/oPk2AIHsNZNMJUPe2Y5areEdaRRnpa5fX+39OSwLyJ2b7CumgX59RHnGlfy0p6E7dKTMLAbg==",
      "dev": true,
      "dependencies": {
        "node-fetch": "2.6.7"
      },
      "engines": {
        "node": ">=15.4.0"
      },
      "peerDependencies": {
        "config": ">=3.3.6",
        "minimist": ">=1.2.6"
      },
      "peerDependenciesMeta": {
        "config": {
          "optional": true
        },
        "minimist": {
          "optional": true
        }
      }
    },
    "node_modules/@toplo/common": {
      "version": "1.1.3",
      "resolved": "https://registry.npmjs.org/@toplo/common/-/common-1.1.3.tgz",
      "integrity": "sha512-XqEgxCG2FdJzvbwViYCRJCBWjzcq589aXGuozcOAv5CYZwl44LS+hFtkNcrX1rIBslVJ8M/+fe94jkDnt6mCXA==",
      "dev": true,
      "engines": {
        "node": ">=15.4.0"
      }
    },
    "node_modules/@toplo/db": {
      "version": "1.1.3",
      "resolved": "https://registry.npmjs.org/@toplo/db/-/db-1.1.3.tgz",
      "integrity": "sha512-/02hhIRzsRk2ycRqXojbyPrF+afZPAZDhiA6KuVpFnNkGAtM19ilgVomloZnX0Q4/TDj7Zn5SSpcY3lQMZA7OQ==",
      "dev": true,
      "dependencies": {
        "@toplo/api": "1.1.3",
        "@toplo/common": "1.1.3",
        "sequelize": "6.25.0"
      },
      "engines": {
        "node": ">=15.4.0"
      },
      "peerDependencies": {
        "@toplo/api": "1.1.3",
        "@toplo/common": "1.1.3"
      }
    },
    "node_modules/@types/debug": {
      "version": "4.1.7",
      "resolved": "https://registry.npmjs.org/@types/debug/-/debug-4.1.7.tgz",
      "integrity": "sha512-9AonUzyTjXXhEOa0DnqpzZi6VHlqKMswga9EXjpXnnqxwLtdvPPtlO8evrI5D9S6asFRCQ6v+wpiUKbw+vKqyg==",
      "dev": true,
      "dependencies": {
        "@types/ms": "*"
      }
    },
    "node_modules/@types/ms": {
      "version": "0.7.31",
      "resolved": "https://registry.npmjs.org/@types/ms/-/ms-0.7.31.tgz",
      "integrity": "sha512-iiUgKzV9AuaEkZqkOLDIvlQiL6ltuZd9tGcW3gwpnX8JbuiuhFlEGmmFXEXkN50Cvq7Os88IY2v0dkDqXYWVgA==",
      "dev": true
    },
    "node_modules/@types/node": {
      "version": "18.11.3",
      "resolved": "https://registry.npmjs.org/@types/node/-/node-18.11.3.tgz",
      "integrity": "sha512-fNjDQzzOsZeKZu5NATgXUPsaFaTxeRgFXoosrHivTl8RGeV733OLawXsGfEk9a8/tySyZUyiZ6E8LcjPFZ2y1A==",
      "dev": true
    },
    "node_modules/@types/validator": {
      "version": "13.7.9",
      "resolved": "https://registry.npmjs.org/@types/validator/-/validator-13.7.9.tgz",
      "integrity": "sha512-y5KJ1PjGXPpU4CZ7lThDu31s+FqvzhqwMOR6Go/x6xaQMFjgzwfzfOvCwABsylr/5n8sB1qFQm1Vi7TaCB8P+A==",
      "dev": true
    },
    "node_modules/debug": {
      "version": "4.3.4",
      "resolved": "https://registry.npmjs.org/debug/-/debug-4.3.4.tgz",
      "integrity": "sha512-PRWFHuSU3eDtQJPvnNY7Jcket1j0t5OuOsFzPPzsekD52Zl8qUfFIPEiswXqIvHWGVHOgX+7G/vCNNhehwxfkQ==",
      "dev": true,
      "dependencies": {
        "ms": "2.1.2"
      },
      "engines": {
        "node": ">=6.0"
      },
      "peerDependenciesMeta": {
        "supports-color": {
          "optional": true
        }
      }
    },
    "node_modules/dottie": {
      "version": "2.0.2",
      "resolved": "https://registry.npmjs.org/dottie/-/dottie-2.0.2.tgz",
      "integrity": "sha512-fmrwR04lsniq/uSr8yikThDTrM7epXHBAAjH9TbeH3rEA8tdCO7mRzB9hdmdGyJCxF8KERo9CITcm3kGuoyMhg==",
      "dev": true
    },
    "node_modules/inflection": {
      "version": "1.13.4",
      "resolved": "https://registry.npmjs.org/inflection/-/inflection-1.13.4.tgz",
      "integrity": "sha512-6I/HUDeYFfuNCVS3td055BaXBwKYuzw7K3ExVMStBowKo9oOAMJIXIHvdyR3iboTCp1b+1i5DSkIZTcwIktuDw==",
      "dev": true,
      "engines": [
        "node >= 0.4.0"
      ]
    },
    "node_modules/lodash": {
      "version": "4.17.21",
      "resolved": "https://registry.npmjs.org/lodash/-/lodash-4.17.21.tgz",
      "integrity": "sha512-v2kDEe57lecTulaDIuNTPy3Ry4gLGJ6Z1O3vE1krgXZNrsQ+LFTGHVxVjcXPs17LhbZVGedAJv8XZ1tvj5FvSg==",
      "dev": true
    },
    "node_modules/lru-cache": {
      "version": "6.0.0",
      "resolved": "https://registry.npmjs.org/lru-cache/-/lru-cache-6.0.0.tgz",
      "integrity": "sha512-Jo6dJ04CmSjuznwJSS3pUeWmd/H0ffTlkXXgwZi+eq1UCmqQwCh+eLsYOYCwY991i2Fah4h1BEMCx4qThGbsiA==",
      "dev": true,
      "dependencies": {
        "yallist": "^4.0.0"
      },
      "engines": {
        "node": ">=10"
      }
    },
    "node_modules/moment": {
      "version": "2.29.4",
      "resolved": "https://registry.npmjs.org/moment/-/moment-2.29.4.tgz",
      "integrity": "sha512-5LC9SOxjSc2HF6vO2CyuTDNivEdoz2IvyJJGj6X8DJ0eFyfszE0QiEd+iXmBvUP3WHxSjFH/vIsA0EN00cgr8w==",
      "dev": true,
      "engines": {
        "node": "*"
      }
    },
    "node_modules/moment-timezone": {
      "version": "0.5.38",
      "resolved": "https://registry.npmjs.org/moment-timezone/-/moment-timezone-0.5.38.tgz",
      "integrity": "sha512-nMIrzGah4+oYZPflDvLZUgoVUO4fvAqHstvG3xAUnMolWncuAiLDWNnJZj6EwJGMGfb1ZcuTFE6GI3hNOVWI/Q==",
      "dev": true,
      "dependencies": {
        "moment": ">= 2.9.0"
      },
      "engines": {
        "node": "*"
      }
    },
    "node_modules/ms": {
      "version": "2.1.2",
      "resolved": "https://registry.npmjs.org/ms/-/ms-2.1.2.tgz",
      "integrity": "sha512-sGkPx+VjMtmA6MX27oA4FBFELFCZZ4S4XqeGOXCv68tT+jb3vk/RyaKWP0PTKyWtmLSM0b+adUTEvbs1PEaH2w==",
      "dev": true
    },
    "node_modules/node-fetch": {
      "version": "2.6.7",
      "resolved": "https://registry.npmjs.org/node-fetch/-/node-fetch-2.6.7.tgz",
      "integrity": "sha512-ZjMPFEfVx5j+y2yF35Kzx5sF7kDzxuDj6ziH4FFbOp87zKDZNx8yExJIb05OGF4Nlt9IHFIMBkRl41VdvcNdbQ==",
      "dev": true,
      "dependencies": {
        "whatwg-url": "^5.0.0"
      },
      "engines": {
        "node": "4.x || >=6.0.0"
      },
      "peerDependencies": {
        "encoding": "^0.1.0"
      },
      "peerDependenciesMeta": {
        "encoding": {
          "optional": true
        }
      }
    },
    "node_modules/pg-connection-string": {
      "version": "2.5.0",
      "resolved": "https://registry.npmjs.org/pg-connection-string/-/pg-connection-string-2.5.0.tgz",
      "integrity": "sha512-r5o/V/ORTA6TmUnyWZR9nCj1klXCO2CEKNRlVuJptZe85QuhFayC7WeMic7ndayT5IRIR0S0xFxFi2ousartlQ==",
      "dev": true
    },
    "node_modules/retry-as-promised": {
      "version": "6.1.0",
      "resolved": "https://registry.npmjs.org/retry-as-promised/-/retry-as-promised-6.1.0.tgz",
      "integrity": "sha512-Hj/jY+wFC+SB9SDlIIFWiGOHnNG0swYbGYsOj2BJ8u2HKUaobNKab0OIC0zOLYzDy0mb7A4xA5BMo4LMz5YtEA==",
      "dev": true
    },
    "node_modules/semver": {
      "version": "7.3.8",
      "resolved": "https://registry.npmjs.org/semver/-/semver-7.3.8.tgz",
      "integrity": "sha512-NB1ctGL5rlHrPJtFDVIVzTyQylMLu9N9VICA6HSFJo8MCGVTMW6gfpicwKmmK/dAjTOrqu5l63JJOpDSrAis3A==",
      "dev": true,
      "dependencies": {
        "lru-cache": "^6.0.0"
      },
      "bin": {
        "semver": "bin/semver.js"
      },
      "engines": {
        "node": ">=10"
      }
    },
    "node_modules/sequelize": {
      "version": "6.25.0",
      "resolved": "https://registry.npmjs.org/sequelize/-/sequelize-6.25.0.tgz",
      "integrity": "sha512-Bu2V+Yjw/4fwGve0rwk02jmbuA0JGGGD1N7yrfGQXVRD91hg4j9Ecth4NwnK4fX1MQA4R0Cqfx3BaJDAOoaiSA==",
      "dev": true,
      "funding": [
        {
          "type": "opencollective",
          "url": "https://opencollective.com/sequelize"
        }
      ],
      "dependencies": {
        "@types/debug": "^4.1.7",
        "@types/validator": "^13.7.1",
        "debug": "^4.3.3",
        "dottie": "^2.0.2",
        "inflection": "^1.13.2",
        "lodash": "^4.17.21",
        "moment": "^2.29.1",
        "moment-timezone": "^0.5.34",
        "pg-connection-string": "^2.5.0",
        "retry-as-promised": "^6.1.0",
        "semver": "^7.3.5",
        "sequelize-pool": "^7.1.0",
        "toposort-class": "^1.0.1",
        "uuid": "^8.3.2",
        "validator": "^13.7.0",
        "wkx": "^0.5.0"
      },
      "engines": {
        "node": ">=10.0.0"
      },
      "peerDependenciesMeta": {
        "ibm_db": {
          "optional": true
        },
        "mariadb": {
          "optional": true
        },
        "mysql2": {
          "optional": true
        },
        "oracledb": {
          "optional": true
        },
        "pg": {
          "optional": true
        },
        "pg-hstore": {
          "optional": true
        },
        "snowflake-sdk": {
          "optional": true
        },
        "sqlite3": {
          "optional": true
        },
        "tedious": {
          "optional": true
        }
      }
    },
    "node_modules/sequelize-pool": {
      "version": "7.1.0",
      "resolved": "https://registry.npmjs.org/sequelize-pool/-/sequelize-pool-7.1.0.tgz",
      "integrity": "sha512-G9c0qlIWQSK29pR/5U2JF5dDQeqqHRragoyahj/Nx4KOOQ3CPPfzxnfqFPCSB7x5UgjOgnZ61nSxz+fjDpRlJg==",
      "dev": true,
      "engines": {
        "node": ">= 10.0.0"
      }
    },
    "node_modules/toposort-class": {
      "version": "1.0.1",
      "resolved": "https://registry.npmjs.org/toposort-class/-/toposort-class-1.0.1.tgz",
      "integrity": "sha512-OsLcGGbYF3rMjPUf8oKktyvCiUxSbqMMS39m33MAjLTC1DVIH6x3WSt63/M77ihI09+Sdfk1AXvfhCEeUmC7mg==",
      "dev": true
    },
    "node_modules/tr46": {
      "version": "0.0.3",
      "resolved": "https://registry.npmjs.org/tr46/-/tr46-0.0.3.tgz",
      "integrity": "sha512-N3WMsuqV66lT30CrXNbEjx4GEwlow3v6rr4mCcv6prnfwhS01rkgyFdjPNBYd9br7LpXV1+Emh01fHnq2Gdgrw==",
      "dev": true
    },
    "node_modules/uuid": {
      "version": "8.3.2",
      "resolved": "https://registry.npmjs.org/uuid/-/uuid-8.3.2.tgz",
      "integrity": "sha512-+NYs2QeMWy+GWFOEm9xnn6HCDp0l7QBD7ml8zLUmJ+93Q5NF0NocErnwkTkXVFNiX3/fpC6afS8Dhb/gz7R7eg==",
      "dev": true,
      "bin": {
        "uuid": "dist/bin/uuid"
      }
    },
    "node_modules/validator": {
      "version": "13.7.0",
      "resolved": "https://registry.npmjs.org/validator/-/validator-13.7.0.tgz",
      "integrity": "sha512-nYXQLCBkpJ8X6ltALua9dRrZDHVYxjJ1wgskNt1lH9fzGjs3tgojGSCBjmEPwkWS1y29+DrizMTW19Pr9uB2nw==",
      "dev": true,
      "engines": {
        "node": ">= 0.10"
      }
    },
    "node_modules/webidl-conversions": {
      "version": "3.0.1",
      "resolved": "https://registry.npmjs.org/webidl-conversions/-/webidl-conversions-3.0.1.tgz",
      "integrity": "sha512-2JAn3z8AR6rjK8Sm8orRC0h/bcl/DqL7tRPdGZ4I1CjdF+EaMLmYxBHyXuKL849eucPFhvBoxMsflfOb8kxaeQ==",
      "dev": true
    },
    "node_modules/whatwg-url": {
      "version": "5.0.0",
      "resolved": "https://registry.npmjs.org/whatwg-url/-/whatwg-url-5.0.0.tgz",
      "integrity": "sha512-saE57nupxk6v3HY35+jzBwYa0rKSy0XR8JSxZPwgLr7ys0IBzhGviA1/TUGJLmSVqs8pb9AnvICXEuOHLprYTw==",
      "dev": true,
      "dependencies": {
        "tr46": "~0.0.3",
        "webidl-conversions": "^3.0.0"
      }
    },
    "node_modules/wkx": {
      "version": "0.5.0",
      "resolved": "https://registry.npmjs.org/wkx/-/wkx-0.5.0.tgz",
      "integrity": "sha512-Xng/d4Ichh8uN4l0FToV/258EjMGU9MGcA0HV2d9B/ZpZB3lqQm7nkOdZdm5GhKtLLhAE7PiVQwN4eN+2YJJUg==",
      "dev": true,
      "dependencies": {
        "@types/node": "*"
      }
    },
    "node_modules/yallist": {
      "version": "4.0.0",
      "resolved": "https://registry.npmjs.org/yallist/-/yallist-4.0.0.tgz",
      "integrity": "sha512-3wdGidZyq5PB084XLES5TpOSRA3wjXAlIWMhum2kRcv/41Sn2emQ0dycQW4uZXLejwKvg6EsvbdlVL+FYEct7A==",
      "dev": true
    }
  },
  "dependencies": {
    "@toplo/api": {
      "version": "1.1.3",
      "resolved": "https://registry.npmjs.org/@toplo/api/-/api-1.1.3.tgz",
      "integrity": "sha512-WVjTY/xWiY7Kr/oPk2AIHsNZNMJUPe2Y5areEdaRRnpa5fX+39OSwLyJ2b7CumgX59RHnGlfy0p6E7dKTMLAbg==",
      "dev": true,
      "requires": {
        "node-fetch": "2.6.7"
      }
    },
    "@toplo/common": {
      "version": "1.1.3",
      "resolved": "https://registry.npmjs.org/@toplo/common/-/common-1.1.3.tgz",
      "integrity": "sha512-XqEgxCG2FdJzvbwViYCRJCBWjzcq589aXGuozcOAv5CYZwl44LS+hFtkNcrX1rIBslVJ8M/+fe94jkDnt6mCXA==",
      "dev": true
    },
    "@toplo/db": {
      "version": "1.1.3",
      "resolved": "https://registry.npmjs.org/@toplo/db/-/db-1.1.3.tgz",
      "integrity": "sha512-/02hhIRzsRk2ycRqXojbyPrF+afZPAZDhiA6KuVpFnNkGAtM19ilgVomloZnX0Q4/TDj7Zn5SSpcY3lQMZA7OQ==",
      "dev": true,
      "requires": {
        "@toplo/api": "1.1.3",
        "@toplo/common": "1.1.3",
        "sequelize": "6.25.0"
      }
    },
    "@types/debug": {
      "version": "4.1.7",
      "resolved": "https://registry.npmjs.org/@types/debug/-/debug-4.1.7.tgz",
      "integrity": "sha512-9AonUzyTjXXhEOa0DnqpzZi6VHlqKMswga9EXjpXnnqxwLtdvPPtlO8evrI5D9S6asFRCQ6v+wpiUKbw+vKqyg==",
      "dev": true,
      "requires": {
        "@types/ms": "*"
      }
    },
    "@types/ms": {
      "version": "0.7.31",
      "resolved": "https://registry.npmjs.org/@types/ms/-/ms-0.7.31.tgz",
      "integrity": "sha512-iiUgKzV9AuaEkZqkOLDIvlQiL6ltuZd9tGcW3gwpnX8JbuiuhFlEGmmFXEXkN50Cvq7Os88IY2v0dkDqXYWVgA==",
      "dev": true
    },
    "@types/node": {
      "version": "18.11.3",
      "resolved": "https://registry.npmjs.org/@types/node/-/node-18.11.3.tgz",
      "integrity": "sha512-fNjDQzzOsZeKZu5NATgXUPsaFaTxeRgFXoosrHivTl8RGeV733OLawXsGfEk9a8/tySyZUyiZ6E8LcjPFZ2y1A==",
      "dev": true
    },
    "@types/validator": {
      "version": "13.7.9",
      "resolved": "https://registry.npmjs.org/@types/validator/-/validator-13.7.9.tgz",
      "integrity": "sha512-y5KJ1PjGXPpU4CZ7lThDu31s+FqvzhqwMOR6Go/x6xaQMFjgzwfzfOvCwABsylr/5n8sB1qFQm1Vi7TaCB8P+A==",
      "dev": true
    },
    "debug": {
      "version": "4.3.4",
      "resolved": "https://registry.npmjs.org/debug/-/debug-4.3.4.tgz",
      "integrity": "sha512-PRWFHuSU3eDtQJPvnNY7Jcket1j0t5OuOsFzPPzsekD52Zl8qUfFIPEiswXqIvHWGVHOgX+7G/vCNNhehwxfkQ==",
      "dev": true,
      "requires": {
        "ms": "2.1.2"
      }
    },
    "dottie": {
      "version": "2.0.2",
      "resolved": "https://registry.npmjs.org/dottie/-/dottie-2.0.2.tgz",
      "integrity": "sha512-fmrwR04lsniq/uSr8yikThDTrM7epXHBAAjH9TbeH3rEA8tdCO7mRzB9hdmdGyJCxF8KERo9CITcm3kGuoyMhg==",
      "dev": true
    },
    "inflection": {
      "version": "1.13.4",
      "resolved": "https://registry.npmjs.org/inflection/-/inflection-1.13.4.tgz",
      "integrity": "sha512-6I/HUDeYFfuNCVS3td055BaXBwKYuzw7K3ExVMStBowKo9oOAMJIXIHvdyR3iboTCp1b+1i5DSkIZTcwIktuDw==",
      "dev": true
    },
    "lodash": {
      "version": "4.17.21",
      "resolved": "https://registry.npmjs.org/lodash/-/lodash-4.17.21.tgz",
      "integrity": "sha512-v2kDEe57lecTulaDIuNTPy3Ry4gLGJ6Z1O3vE1krgXZNrsQ+LFTGHVxVjcXPs17LhbZVGedAJv8XZ1tvj5FvSg==",
      "dev": true
    },
    "lru-cache": {
      "version": "6.0.0",
      "resolved": "https://registry.npmjs.org/lru-cache/-/lru-cache-6.0.0.tgz",
      "integrity": "sha512-Jo6dJ04CmSjuznwJSS3pUeWmd/H0ffTlkXXgwZi+eq1UCmqQwCh+eLsYOYCwY991i2Fah4h1BEMCx4qThGbsiA==",
      "dev": true,
      "requires": {
        "yallist": "^4.0.0"
      }
    },
    "moment": {
      "version": "2.29.4",
      "resolved": "https://registry.npmjs.org/moment/-/moment-2.29.4.tgz",
      "integrity": "sha512-5LC9SOxjSc2HF6vO2CyuTDNivEdoz2IvyJJGj6X8DJ0eFyfszE0QiEd+iXmBvUP3WHxSjFH/vIsA0EN00cgr8w==",
      "dev": true
    },
    "moment-timezone": {
      "version": "0.5.38",
      "resolved": "https://registry.npmjs.org/moment-timezone/-/moment-timezone-0.5.38.tgz",
      "integrity": "sha512-nMIrzGah4+oYZPflDvLZUgoVUO4fvAqHstvG3xAUnMolWncuAiLDWNnJZj6EwJGMGfb1ZcuTFE6GI3hNOVWI/Q==",
      "dev": true,
      "requires": {
        "moment": ">= 2.9.0"
      }
    },
    "ms": {
      "version": "2.1.2",
      "resolved": "https://registry.npmjs.org/ms/-/ms-2.1.2.tgz",
      "integrity": "sha512-sGkPx+VjMtmA6MX27oA4FBFELFCZZ4S4XqeGOXCv68tT+jb3vk/RyaKWP0PTKyWtmLSM0b+adUTEvbs1PEaH2w==",
      "dev": true
    },
    "node-fetch": {
      "version": "2.6.7",
      "resolved": "https://registry.npmjs.org/node-fetch/-/node-fetch-2.6.7.tgz",
      "integrity": "sha512-ZjMPFEfVx5j+y2yF35Kzx5sF7kDzxuDj6ziH4FFbOp87zKDZNx8yExJIb05OGF4Nlt9IHFIMBkRl41VdvcNdbQ==",
      "dev": true,
      "requires": {
        "whatwg-url": "^5.0.0"
      }
    },
    "pg-connection-string": {
      "version": "2.5.0",
      "resolved": "https://registry.npmjs.org/pg-connection-string/-/pg-connection-string-2.5.0.tgz",
      "integrity": "sha512-r5o/V/ORTA6TmUnyWZR9nCj1klXCO2CEKNRlVuJptZe85QuhFayC7WeMic7ndayT5IRIR0S0xFxFi2ousartlQ==",
      "dev": true
    },
    "retry-as-promised": {
      "version": "6.1.0",
      "resolved": "https://registry.npmjs.org/retry-as-promised/-/retry-as-promised-6.1.0.tgz",
      "integrity": "sha512-Hj/jY+wFC+SB9SDlIIFWiGOHnNG0swYbGYsOj2BJ8u2HKUaobNKab0OIC0zOLYzDy0mb7A4xA5BMo4LMz5YtEA==",
      "dev": true
    },
    "semver": {
      "version": "7.3.8",
      "resolved": "https://registry.npmjs.org/semver/-/semver-7.3.8.tgz",
      "integrity": "sha512-NB1ctGL5rlHrPJtFDVIVzTyQylMLu9N9VICA6HSFJo8MCGVTMW6gfpicwKmmK/dAjTOrqu5l63JJOpDSrAis3A==",
      "dev": true,
      "requires": {
        "lru-cache": "^6.0.0"
      }
    },
    "sequelize": {
      "version": "6.25.0",
      "resolved": "https://registry.npmjs.org/sequelize/-/sequelize-6.25.0.tgz",
      "integrity": "sha512-Bu2V+Yjw/4fwGve0rwk02jmbuA0JGGGD1N7yrfGQXVRD91hg4j9Ecth4NwnK4fX1MQA4R0Cqfx3BaJDAOoaiSA==",
      "dev": true,
      "requires": {
        "@types/debug": "^4.1.7",
        "@types/validator": "^13.7.1",
        "debug": "^4.3.3",
        "dottie": "^2.0.2",
        "inflection": "^1.13.2",
        "lodash": "^4.17.21",
        "moment": "^2.29.1",
        "moment-timezone": "^0.5.34",
        "pg-connection-string": "^2.5.0",
        "retry-as-promised": "^6.1.0",
        "semver": "^7.3.5",
        "sequelize-pool": "^7.1.0",
        "toposort-class": "^1.0.1",
        "uuid": "^8.3.2",
        "validator": "^13.7.0",
        "wkx": "^0.5.0"
      }
    },
    "sequelize-pool": {
      "version": "7.1.0",
      "resolved": "https://registry.npmjs.org/sequelize-pool/-/sequelize-pool-7.1.0.tgz",
      "integrity": "sha512-G9c0qlIWQSK29pR/5U2JF5dDQeqqHRragoyahj/Nx4KOOQ3CPPfzxnfqFPCSB7x5UgjOgnZ61nSxz+fjDpRlJg==",
      "dev": true
    },
    "toposort-class": {
      "version": "1.0.1",
      "resolved": "https://registry.npmjs.org/toposort-class/-/toposort-class-1.0.1.tgz",
      "integrity": "sha512-OsLcGGbYF3rMjPUf8oKktyvCiUxSbqMMS39m33MAjLTC1DVIH6x3WSt63/M77ihI09+Sdfk1AXvfhCEeUmC7mg==",
      "dev": true
    },
    "tr46": {
      "version": "0.0.3",
      "resolved": "https://registry.npmjs.org/tr46/-/tr46-0.0.3.tgz",
      "integrity": "sha512-N3WMsuqV66lT30CrXNbEjx4GEwlow3v6rr4mCcv6prnfwhS01rkgyFdjPNBYd9br7LpXV1+Emh01fHnq2Gdgrw==",
      "dev": true
    },
    "uuid": {
      "version": "8.3.2",
      "resolved": "https://registry.npmjs.org/uuid/-/uuid-8.3.2.tgz",
      "integrity": "sha512-+NYs2QeMWy+GWFOEm9xnn6HCDp0l7QBD7ml8zLUmJ+93Q5NF0NocErnwkTkXVFNiX3/fpC6afS8Dhb/gz7R7eg==",
      "dev": true
    },
    "validator": {
      "version": "13.7.0",
      "resolved": "https://registry.npmjs.org/validator/-/validator-13.7.0.tgz",
      "integrity": "sha512-nYXQLCBkpJ8X6ltALua9dRrZDHVYxjJ1wgskNt1lH9fzGjs3tgojGSCBjmEPwkWS1y29+DrizMTW19Pr9uB2nw==",
      "dev": true
    },
    "webidl-conversions": {
      "version": "3.0.1",
      "resolved": "https://registry.npmjs.org/webidl-conversions/-/webidl-conversions-3.0.1.tgz",
      "integrity": "sha512-2JAn3z8AR6rjK8Sm8orRC0h/bcl/DqL7tRPdGZ4I1CjdF+EaMLmYxBHyXuKL849eucPFhvBoxMsflfOb8kxaeQ==",
      "dev": true
    },
    "whatwg-url": {
      "version": "5.0.0",
      "resolved": "https://registry.npmjs.org/whatwg-url/-/whatwg-url-5.0.0.tgz",
      "integrity": "sha512-saE57nupxk6v3HY35+jzBwYa0rKSy0XR8JSxZPwgLr7ys0IBzhGviA1/TUGJLmSVqs8pb9AnvICXEuOHLprYTw==",
      "dev": true,
      "requires": {
        "tr46": "~0.0.3",
        "webidl-conversions": "^3.0.0"
      }
    },
    "wkx": {
      "version": "0.5.0",
      "resolved": "https://registry.npmjs.org/wkx/-/wkx-0.5.0.tgz",
      "integrity": "sha512-Xng/d4Ichh8uN4l0FToV/258EjMGU9MGcA0HV2d9B/ZpZB3lqQm7nkOdZdm5GhKtLLhAE7PiVQwN4eN+2YJJUg==",
      "dev": true,
      "requires": {
        "@types/node": "*"
      }
    },
    "yallist": {
      "version": "4.0.0",
      "resolved": "https://registry.npmjs.org/yallist/-/yallist-4.0.0.tgz",
      "integrity": "sha512-3wdGidZyq5PB084XLES5TpOSRA3wjXAlIWMhum2kRcv/41Sn2emQ0dycQW4uZXLejwKvg6EsvbdlVL+FYEct7A==",
      "dev": true
    }
  }
}
